
Microsoft Visual Studio Solution File, Format Version 12.00
# Visual Studio Version 17
VisualStudioVersion = 17.9.34622.214
MinimumVisualStudioVersion = 10.0.40219.1
Project("{8BC9CEB8-8B4A-11D0-8D11-00A0C91BC942}") = "Lab_5", "Lab_5.vcxproj", "{D367B01E-74B1-4BE2-B22E-1B5D1275E378}"
EndProject
Project("{2150E333-8FDC-42A3-9474-1A3956D46DE8}") = "Элементы решения", "Элементы решения", "{A369A863-1A50-48ED-B0DD-98C81E48AF70}"
	ProjectSection(SolutionItems) = preProject
		locust.py = locust.py
	EndProjectSection
EndProject
Global
	GlobalSection(SolutionConfigurationPlatforms) = preSolution
		Debug|x64 = Debug|x64
		Debug|x86 = Debug|x86
		Release|x64 = Release|x64
		Release|x86 = Release|x86
	EndGlobalSection
	GlobalSection(ProjectConfigurationPlatforms) = postSolution
		{D367B01E-74B1-4BE2-B22E-1B5D1275E378}.Debug|x64.ActiveCfg = Debug|x64
		{D367B01E-74B1-4BE2-B22E-1B5D1275E378}.Debug|x64.Build.0 = Debug|x64
		{D367B01E-74B1-4BE2-B22E-1B5D1275E378}.Debug|x86.ActiveCfg = Debug|Win32
		{D367B01E-74B1-4BE2-B22E-1B5D1275E378}.Debug|x86.Build.0 = Debug|Win32
		{D367B01E-74B1-4BE2-B22E-1B5D1275E378}.Release|x64.ActiveCfg = Release|x64
		{D367B01E-74B1-4BE2-B22E-1B5D1275E378}.Release|x64.Build.0 = Release|x64
		{D367B01E-74B1-4BE2-B22E-1B5D1275E378}.Release|x86.ActiveCfg = Release|Win32
		{D367B01E-74B1-4BE2-B22E-1B5D1275E378}.Release|x86.Build.0 = Release|Win32
	EndGlobalSection
	GlobalSection(SolutionProperties) = preSolution
		HideSolutionNode = FALSE
	EndGlobalSection
	GlobalSection(ExtensibilityGlobals) = postSolution
		SolutionGuid = {1795F867-18D8-43F7-97C7-1E89D291A773}
	EndGlobalSection
EndGlobal
